// !$*UTF8*$!
{
	archiveVersion = 1;
	classes = {
	};
	objectVersion = 46;
	objects = {

/* Begin PBXBuildFile section */
		8D502A801D8CA268004A66BB /* gib.jpg in Resources */ = {isa = PBXBuildFile; fileRef = 8D502A7F1D8CA268004A66BB /* gib.jpg */; };
		8D502A821D8CA3F7004A66BB /* FiltersVC.swift in Sources */ = {isa = PBXBuildFile; fileRef = 8D502A811D8CA3F7004A66BB /* FiltersVC.swift */; };
		8D88CF5A1D8C16E700D17C84 /* AppDelegate.swift in Sources */ = {isa = PBXBuildFile; fileRef = 8D88CF591D8C16E700D17C84 /* AppDelegate.swift */; };
		8D88CF5C1D8C16E700D17C84 /* ViewController.swift in Sources */ = {isa = PBXBuildFile; fileRef = 8D88CF5B1D8C16E700D17C84 /* ViewController.swift */; };
		8D88CF5F1D8C16E700D17C84 /* Main.storyboard in Resources */ = {isa = PBXBuildFile; fileRef = 8D88CF5D1D8C16E700D17C84 /* Main.storyboard */; };
		8D88CF611D8C16E700D17C84 /* Assets.xcassets in Resources */ = {isa = PBXBuildFile; fileRef = 8D88CF601D8C16E700D17C84 /* Assets.xcassets */; };
		8D88CF641D8C16E700D17C84 /* LaunchScreen.storyboard in Resources */ = {isa = PBXBuildFile; fileRef = 8D88CF621D8C16E700D17C84 /* LaunchScreen.storyboard */; };
/* End PBXBuildFile section */

/* Begin PBXFileReference section */
		8D502A7F1D8CA268004A66BB /* gib.jpg */ = {isa = PBXFileReference; lastKnownFileType = image.jpeg; path = gib.jpg; sourceTree = "<group>"; };
		8D502A811D8CA3F7004A66BB /* FiltersVC.swift */ = {isa = PBXFileReference; fileEncoding = 4; lastKnownFileType = sourcecode.swift; path = FiltersVC.swift; sourceTree = "<group>"; };
		8D88CF561D8C16E700D17C84 /* gradient1.app */ = {isa = PBXFileReference; explicitFileType = wrapper.application; includeInIndex = 0; path = gradient1.app; sourceTree = BUILT_PRODUCTS_DIR; };
		8D88CF591D8C16E700D17C84 /* AppDelegate.swift */ = {isa = PBXFileReference; lastKnownFileType = sourcecode.swift; path = AppDelegate.swift; sourceTree = "<group>"; };
		8D88CF5B1D8C16E700D17C84 /* ViewController.swift */ = {isa = PBXFileReference; lastKnownFileType = sourcecode.swift; path = ViewController.swift; sourceTree = "<group>"; };
		8D88CF5E1D8C16E700D17C84 /* Base */ = {isa = PBXFileReference; lastKnownFileType = file.storyboard; name = Base; path = Base.lproj/Main.storyboard; sourceTree = "<group>"; };
		8D88CF601D8C16E700D17C84 /* Assets.xcassets */ = {isa = PBXFileReference; lastKnownFileType = folder.assetcatalog; path = Assets.xcassets; sourceTree = "<group>"; };
		8D88CF631D8C16E700D17C84 /* Base */ = {isa = PBXFileReference; lastKnownFileType = file.storyboard; name = Base; path = Base.lproj/LaunchScreen.storyboard; sourceTree = "<group>"; };
		8D88CF651D8C16E700D17C84 /* Info.plist */ = {isa = PBXFileReference; lastKnownFileType = text.plist.xml; path = Info.plist; sourceTree = "<group>"; };
/* End PBXFileReference section */

/* Begin PBXFrameworksBuildPhase section */
		8D88CF531D8C16E700D17C84 /* Frameworks */ = {
			isa = PBXFrameworksBuildPhase;
			buildActionMask = 2147483647;
			files = (
			);
			runOnlyForDeploymentPostprocessing = 0;
		};
/* End PBXFrameworksBuildPhase section */

/* Begin PBXGroup section */
		8D88CF4D1D8C16E700D17C84 = {
			isa = PBXGroup;
			children = (
				8D88CF581D8C16E700D17C84 /* gradient1 */,
				8D88CF571D8C16E700D17C84 /* Products */,
			);
			sourceTree = "<group>";
		};
		8D88CF571D8C16E700D17C84 /* Products */ = {
			isa = PBXGroup;
			children = (
				8D88CF561D8C16E700D17C84 /* gradient1.app */,
			);
			name = Products;
			sourceTree = "<group>";
		};
		8D88CF581D8C16E700D17C84 /* gradient1 */ = {
			isa = PBXGroup;
			children = (
				8D88CF591D8C16E700D17C84 /* AppDelegate.swift */,
				8D88CF5B1D8C16E700D17C84 /* ViewController.swift */,
				8D502A811D8CA3F7004A66BB /* FiltersVC.swift */,
				8D88CF5D1D8C16E700D17C84 /* Main.storyboard */,
				8D88CF621D8C16E700D17C84 /* LaunchScreen.storyboard */,
				8D88CF601D8C16E700D17C84 /* Assets.xcassets */,
				8D502A7F1D8CA268004A66BB /* gib.jpg */,
				8D88CF651D8C16E700D17C84 /* Info.plist */,
			);
			path = gradient1;
			sourceTree = "<group>";
		};
/* End PBXGroup section */

/* Begin PBXNativeTarget section */
		8D88CF551D8C16E700D17C84 /* gradient1 */ = {
			isa = PBXNativeTarget;
			buildConfigurationList = 8D88CF681D8C16E700D17C84 /* Build configuration list for PBXNativeTarget "gradient1" */;
			buildPhases = (
				8D88CF521D8C16E700D17C84 /* Sources */,
				8D88CF531D8C16E700D17C84 /* Frameworks */,
				8D88CF541D8C16E700D17C84 /* Resources */,
			);
			buildRules = (
			);
			dependencies = (
			);
			name = gradient1;
			productName = gradient1;
			productReference = 8D88CF561D8C16E700D17C84 /* gradient1.app */;
			productType = "com.apple.product-type.application";
		};
/* End PBXNativeTarget section */

/* Begin PBXProject section */
		8D88CF4E1D8C16E700D17C84 /* Project object */ = {
			isa = PBXProject;
			attributes = {
				LastSwiftUpdateCheck = 0800;
				LastUpgradeCheck = 0800;
				ORGANIZATIONNAME = nekokoatl;
				TargetAttributes = {
					8D88CF551D8C16E700D17C84 = {
						CreatedOnToolsVersion = 8.0;
						ProvisioningStyle = Automatic;
					};
				};
			};
			buildConfigurationList = 8D88CF511D8C16E700D17C84 /* Build configuration list for PBXProject "gradient1" */;
			compatibilityVersion = "Xcode 3.2";
			developmentRegion = English;
			hasScannedForEncodings = 0;
			knownRegions = (
				en,
				Base,
			);
			mainGroup = 8D88CF4D1D8C16E700D17C84;
			productRefGroup = 8D88CF571D8C16E700D17C84 /* Products */;
			projectDirPath = "";
			projectRoot = "";
			targets = (
				8D88CF551D8C16E700D17C84 /* gradient1 */,
			);
		};
/* End PBXProject section */

/* Begin PBXResourcesBuildPhase section */
		8D88CF541D8C16E700D17C84 /* Resources */ = {
			isa = PBXResourcesBuildPhase;
			buildActionMask = 2147483647;
			files = (
				8D502A801D8CA268004A66BB /* gib.jpg in Resources */,
				8D88CF641D8C16E700D17C84 /* LaunchScreen.storyboard in Resources */,
				8D88CF611D8C16E700D17C84 /* Assets.xcassets in Resources */,
				8D88CF5F1D8C16E700D17C84 /* Main.storyboard in Resources */,
			);
			runOnlyForDeploymentPostprocessing = 0;
		};
/* End PBXResourcesBuildPhase section */

/* Begin PBXSourcesBuildPhase section */
		8D88CF521D8C16E700D17C84 /* Sources */ = {
			isa = PBXSourcesBuildPhase;
			buildActionMask = 2147483647;
			files = (
				8D502A821D8CA3F7004A66BB /* FiltersVC.swift in Sources */,
				8D88CF5C1D8C16E700D17C84 /* ViewController.swift in Sources */,
				8D88CF5A1D8C16E700D17C84 /* AppDelegate.swift in Sources */,
			);
			runOnlyForDeploymentPostprocessing = 0;
		};
/* End PBXSourcesBuildPhase section */

/* Begin PBXVariantGroup section */
		8D88CF5D1D8C16E700D17C84 /* Main.storyboard */ = {
			isa = PBXVariantGroup;
			children = (
				8D88CF5E1D8C16E700D17C84 /* Base */,
			);
			name = Main.storyboard;
			sourceTree = "<group>";
		};
		8D88CF621D8C16E700D17C84 /* LaunchScreen.storyboard */ = {
			isa = PBXVariantGroup;
			children = (
				8D88CF631D8C16E700D17C84 /* Base */,
			);
			name = LaunchScreen.storyboard;
			sourceTree = "<group>";
		};
/* End PBXVariantGroup section */

/* Begin XCBuildConfiguration section */
		8D88CF661D8C16E700D17C84 /* Debug */ = {
			isa = XCBuildConfiguration;
			buildSettings = {
				ALWAYS_SEARCH_USER_PATHS = NO;
				CLANG_ANALYZER_NONNULL = YES;
				CLANG_CXX_LANGUAGE_STANDARD = "gnu++0x";
				CLANG_CXX_LIBRARY = "libc++";
				CLANG_ENABLE_MODULES = YES;
				CLANG_ENABLE_OBJC_ARC = YES;
				CLANG_WARN_BOOL_CONVERSION = YES;
				CLANG_WARN_CONSTANT_CONVERSION = YES;
				CLANG_WARN_DIRECT_OBJC_ISA_USAGE = YES_ERROR;
				CLANG_WARN_DOCUMENTATION_COMMENTS = YES;
				CLANG_WARN_EMPTY_BODY = YES;
				CLANG_WARN_ENUM_CONVERSION = YES;
				CLANG_WARN_INFINITE_RECURSION = YES;
				CLANG_WARN_INT_CONVERSION = YES;
				CLANG_WARN_OBJC_ROOT_CLASS = YES_ERROR;
				CLANG_WARN_SUSPICIOUS_MOVES = YES;
				CLANG_WARN_UNREACHABLE_CODE = YES;
				CLANG_WARN__DUPLICATE_METHOD_MATCH = YES;
				"CODE_SIGN_IDENTITY[sdk=iphoneos*]" = "iPhone Developer";
				COPY_PHASE_STRIP = NO;
				DEBUG_INFORMATION_FORMAT = dwarf;
				ENABLE_STRICT_OBJC_MSGSEND = YES;
				ENABLE_TESTABILITY = YES;
				GCC_C_LANGUAGE_STANDARD = gnu99;
				GCC_DYNAMIC_NO_PIC = NO;
				GCC_NO_COMMON_BLOCKS = YES;
				GCC_OPTIMIZATION_LEVEL = 0;
				GCC_PREPROCESSOR_DEFINITIONS = (
					"DEBUG=1",
					"$(inherited)",
				);
				GCC_WARN_64_TO_32_BIT_CONVERSION = YES;
				GCC_WARN_ABOUT_RETURN_TYPE = YES_ERROR;
				GCC_WARN_UNDECLARED_SELECTOR = YES;
				GCC_WARN_UNINITIALIZED_AUTOS = YES_AGGRESSIVE;
				GCC_WARN_UNUSED_FUNCTION = YES;
				GCC_WARN_UNUSED_VARIABLE = YES;
				IPHONEOS_DEPLOYMENT_TARGET = 10.0;
				MTL_ENABLE_DEBUG_INFO = YES;
				ONLY_ACTIVE_ARCH = YES;
				SDKROOT = iphoneos;
				SWIFT_ACTIVE_COMPILATION_CONDITIONS = DEBUG;
				SWIFT_OPTIMIZATION_LEVEL = "-Onone";
			};
			name = Debug;
		};
		8D88CF671D8C16E700D17C84 /* Release */ = {
			isa = XCBuildConfiguration;
			buildSettings = {
				ALWAYS_SEARCH_USER_PATHS = NO;
				CLANG_ANALYZER_NONNULL = YES;
				CLANG_CXX_LANGUAGE_STANDARD = "gnu++0x";
				CLANG_CXX_LIBRARY = "libc++";
				CLANG_ENABLE_MODULES = YES;
				CLANG_ENABLE_OBJC_ARC = YES;
				CLANG_WARN_BOOL_CONVERSION = YES;
				CLANG_WARN_CONSTANT_CONVERSION = YES;
				CLANG_WARN_DIRECT_OBJC_ISA_USAGE = YES_ERROR;
				CLANG_WARN_DOCUMENTATION_COMMENTS = YES;
				CLANG_WARN_EMPTY_BODY = YES;
				CLANG_WARN_ENUM_CONVERSION = YES;
				CLANG_WARN_INFINITE_RECURSION = YES;
				CLANG_WARN_INT_CONVERSION = YES;
				CLANG_WARN_OBJC_ROOT_CLASS = YES_ERROR;
				CLANG_WARN_SUSPICIOUS_MOVES = YES;
				CLANG_WARN_UNREACHABLE_CODE = YES;
				CLANG_WARN__DUPLICATE_METHOD_MATCH = YES;
				"CODE_SIGN_IDENTITY[sdk=iphoneos*]" = "iPhone Developer";
				COPY_PHASE_STRIP = NO;
				DEBUG_INFORMATION_FORMAT = "dwarf-with-dsym";
				ENABLE_NS_ASSERTIONS = NO;
				ENABLE_STRICT_OBJC_MSGSEND = YES;
				GCC_C_LANGUAGE_STANDARD = gnu99;
				GCC_NO_COMMON_BLOCKS = YES;
				GCC_WARN_64_TO_32_BIT_CONVERSION = YES;
				GCC_WARN_ABOUT_RETURN_TYPE = YES_ERROR;
				GCC_WARN_UNDECLARED_SELECTOR = YES;
				GCC_WARN_UNINITIALIZED_AUTOS = YES_AGGRESSIVE;
				GCC_WARN_UNUSED_FUNCTION = YES;
				GCC_WARN_UNUSED_VARIABLE = YES;
				IPHONEOS_DEPLOYMENT_TARGET = 10.0;
				MTL_ENABLE_DEBUG_INFO = NO;
				SDKROOT = iphoneos;
				SWIFT_OPTIMIZATION_LEVEL = "-Owholemodule";
				VALIDATE_PRODUCT = YES;
			};
			name = Release;
		};
		8D88CF691D8C16E700D17C84 /* Debug */ = {
			isa = XCBuildConfiguration;
			buildSettings = {
				ASSETCATALOG_COMPILER_APPICON_NAME = AppIcon;
				INFOPLIST_FILE = gradient1/Info.plist;
				LD_RUNPATH_SEARCH_PATHS = "$(inherited) @executable_path/Frameworks";
				PRODUCT_BUNDLE_IDENTIFIER = com.nekokoatl.gradient1;
				PRODUCT_NAME = "$(TARGET_NAME)";
				SWIFT_VERSION = 3.0;
			};
			name = Debug;
		};
		8D88CF6A1D8C16E700D17C84 /* Release */ = {
			isa = XCBuildConfiguration;
			buildSettings = {
				ASSETCATALOG_COMPILER_APPICON_NAME = AppIcon;
				INFOPLIST_FILE = gradient1/Info.plist;
				LD_RUNPATH_SEARCH_PATHS = "$(inherited) @executable_path/Frameworks";
				PRODUCT_BUNDLE_IDENTIFIER = com.nekokoatl.gradient1;
				PRODUCT_NAME = "$(TARGET_NAME)";
				SWIFT_VERSION = 3.0;
			};
			name = Release;
		};
/* End XCBuildConfiguration section */

/* Begin XCConfigurationList section */
		8D88CF511D8C16E700D17C84 /* Build configuration list for PBXProject "gradient1" */ = {
			isa = XCConfigurationList;
			buildConfigurations = (
				8D88CF661D8C16E700D17C84 /* Debug */,
				8D88CF671D8C16E700D17C84 /* Release */,
			);
			defaultConfigurationIsVisible = 0;
			defaultConfigurationName = Release;
		};
		8D88CF681D8C16E700D17C84 /* Build configuration list for PBXNativeTarget "gradient1" */ = {
			isa = XCConfigurationList;
			buildConfigurations = (
				8D88CF691D8C16E700D17C84 /* Debug */,
				8D88CF6A1D8C16E700D17C84 /* Release */,
			);
			defaultConfigurationIsVisible = 0;
			defaultConfigurationName = Release;
		};
/* End XCConfigurationList section */
	};
	rootObject = 8D88CF4E1D8C16E700D17C84 /* Project object */;
}
